// !$*UTF8*$!
{
	archiveVersion = 1;
	classes = {
	};
	objectVersion = 56;
	objects = {

/* Begin PBXBuildFile section */
		F9189E8129D2EB0000A75153 /* InfiniteLoopApp.swift in Sources */ = {isa = PBXBuildFile; fileRef = F9189E8029D2EB0000A75153 /* InfiniteLoopApp.swift */; };
		F9189E8329D2EB0000A75153 /* ContentView.swift in Sources */ = {isa = PBXBuildFile; fileRef = F9189E8229D2EB0000A75153 /* ContentView.swift */; };
		F9189E8529D2EB0100A75153 /* Assets.xcassets in Resources */ = {isa = PBXBuildFile; fileRef = F9189E8429D2EB0100A75153 /* Assets.xcassets */; };
		F9189E8829D2EB0100A75153 /* Preview Assets.xcassets in Resources */ = {isa = PBXBuildFile; fileRef = F9189E8729D2EB0100A75153 /* Preview Assets.xcassets */; };
		F9189E9029D2EB4400A75153 /* Home.swift in Sources */ = {isa = PBXBuildFile; fileRef = F9189E8F29D2EB4400A75153 /* Home.swift */; };
		F9189E9429D2EBFE00A75153 /* Page.swift in Sources */ = {isa = PBXBuildFile; fileRef = F9189E9329D2EBFE00A75153 /* Page.swift */; };
		F9189E9729D2F21500A75153 /* OffsetReader.swift in Sources */ = {isa = PBXBuildFile; fileRef = F9189E9629D2F21500A75153 /* OffsetReader.swift */; };
		F9189E9929D2F71B00A75153 /* PageControl.swift in Sources */ = {isa = PBXBuildFile; fileRef = F9189E9829D2F71B00A75153 /* PageControl.swift */; };
/* End PBXBuildFile section */

/* Begin PBXFileReference section */
		F9189E7D29D2EB0000A75153 /* InfiniteLoop.app */ = {isa = PBXFileReference; explicitFileType = wrapper.application; includeInIndex = 0; path = InfiniteLoop.app; sourceTree = BUILT_PRODUCTS_DIR; };
		F9189E8029D2EB0000A75153 /* InfiniteLoopApp.swift */ = {isa = PBXFileReference; lastKnownFileType = sourcecode.swift; path = InfiniteLoopApp.swift; sourceTree = "<group>"; };
		F9189E8229D2EB0000A75153 /* ContentView.swift */ = {isa = PBXFileReference; lastKnownFileType = sourcecode.swift; path = ContentView.swift; sourceTree = "<group>"; };
		F9189E8429D2EB0100A75153 /* Assets.xcassets */ = {isa = PBXFileReference; lastKnownFileType = folder.assetcatalog; path = Assets.xcassets; sourceTree = "<group>"; };
		F9189E8729D2EB0100A75153 /* Preview Assets.xcassets */ = {isa = PBXFileReference; lastKnownFileType = folder.assetcatalog; path = "Preview Assets.xcassets"; sourceTree = "<group>"; };
		F9189E8F29D2EB4400A75153 /* Home.swift */ = {isa = PBXFileReference; lastKnownFileType = sourcecode.swift; path = Home.swift; sourceTree = "<group>"; };
		F9189E9329D2EBFE00A75153 /* Page.swift */ = {isa = PBXFileReference; lastKnownFileType = sourcecode.swift; path = Page.swift; sourceTree = "<group>"; };
		F9189E9629D2F21500A75153 /* OffsetReader.swift */ = {isa = PBXFileReference; lastKnownFileType = sourcecode.swift; path = OffsetReader.swift; sourceTree = "<group>"; };
		F9189E9829D2F71B00A75153 /* PageControl.swift */ = {isa = PBXFileReference; lastKnownFileType = sourcecode.swift; path = PageControl.swift; sourceTree = "<group>"; };
/* End PBXFileReference section */

/* Begin PBXFrameworksBuildPhase section */
		F9189E7A29D2EB0000A75153 /* Frameworks */ = {
			isa = PBXFrameworksBuildPhase;
			buildActionMask = 2147483647;
			files = (
			);
			runOnlyForDeploymentPostprocessing = 0;
		};
/* End PBXFrameworksBuildPhase section */

/* Begin PBXGroup section */
		F9189E7429D2EB0000A75153 = {
			isa = PBXGroup;
			children = (
				F9189E7F29D2EB0000A75153 /* InfiniteLoop */,
				F9189E7E29D2EB0000A75153 /* Products */,
			);
			sourceTree = "<group>";
		};
		F9189E7E29D2EB0000A75153 /* Products */ = {
			isa = PBXGroup;
			children = (
				F9189E7D29D2EB0000A75153 /* InfiniteLoop.app */,
			);
			name = Products;
			sourceTree = "<group>";
		};
		F9189E7F29D2EB0000A75153 /* InfiniteLoop */ = {
			isa = PBXGroup;
			children = (
				F9189E9529D2F1F900A75153 /* Helpers */,
				F9189E9229D2EBE700A75153 /* Model */,
				F9189E8E29D2EB3A00A75153 /* View */,
				F9189E8029D2EB0000A75153 /* InfiniteLoopApp.swift */,
				F9189E8229D2EB0000A75153 /* ContentView.swift */,
				F9189E8429D2EB0100A75153 /* Assets.xcassets */,
				F9189E8629D2EB0100A75153 /* Preview Content */,
			);
			path = InfiniteLoop;
			sourceTree = "<group>";
		};
		F9189E8629D2EB0100A75153 /* Preview Content */ = {
			isa = PBXGroup;
			children = (
				F9189E8729D2EB0100A75153 /* Preview Assets.xcassets */,
			);
			path = "Preview Content";
			sourceTree = "<group>";
		};
		F9189E8E29D2EB3A00A75153 /* View */ = {
			isa = PBXGroup;
			children = (
				F9189E8F29D2EB4400A75153 /* Home.swift */,
				F9189E9829D2F71B00A75153 /* PageControl.swift */,
			);
			name = View;
			sourceTree = "<group>";
		};
		F9189E9229D2EBE700A75153 /* Model */ = {
			isa = PBXGroup;
			children = (
				F9189E9329D2EBFE00A75153 /* Page.swift */,
			);
			name = Model;
			sourceTree = "<group>";
		};
		F9189E9529D2F1F900A75153 /* Helpers */ = {
			isa = PBXGroup;
			children = (
				F9189E9629D2F21500A75153 /* OffsetReader.swift */,
			);
			name = Helpers;
			sourceTree = "<group>";
		};
/* End PBXGroup section */

/* Begin PBXNativeTarget section */
		F9189E7C29D2EB0000A75153 /* InfiniteLoop */ = {
			isa = PBXNativeTarget;
			buildConfigurationList = F9189E8B29D2EB0100A75153 /* Build configuration list for PBXNativeTarget "InfiniteLoop" */;
			buildPhases = (
				F9189E7929D2EB0000A75153 /* Sources */,
				F9189E7A29D2EB0000A75153 /* Frameworks */,
				F9189E7B29D2EB0000A75153 /* Resources */,
			);
			buildRules = (
			);
			dependencies = (
			);
			name = InfiniteLoop;
			productName = InfiniteLoop;
			productReference = F9189E7D29D2EB0000A75153 /* InfiniteLoop.app */;
			productType = "com.apple.product-type.application";
		};
/* End PBXNativeTarget section */

/* Begin PBXProject section */
		F9189E7529D2EB0000A75153 /* Project object */ = {
			isa = PBXProject;
			attributes = {
				BuildIndependentTargetsInParallel = 1;
				LastSwiftUpdateCheck = 1430;
				LastUpgradeCheck = 1430;
				TargetAttributes = {
					F9189E7C29D2EB0000A75153 = {
						CreatedOnToolsVersion = 14.3;
					};
				};
			};
			buildConfigurationList = F9189E7829D2EB0000A75153 /* Build configuration list for PBXProject "InfiniteLoop" */;
			compatibilityVersion = "Xcode 14.0";
			developmentRegion = en;
			hasScannedForEncodings = 0;
			knownRegions = (
				en,
				Base,
			);
			mainGroup = F9189E7429D2EB0000A75153;
			productRefGroup = F9189E7E29D2EB0000A75153 /* Products */;
			projectDirPath = "";
			projectRoot = "";
			targets = (
				F9189E7C29D2EB0000A75153 /* InfiniteLoop */,
			);
		};
/* End PBXProject section */

/* Begin PBXResourcesBuildPhase section */
		F9189E7B29D2EB0000A75153 /* Resources */ = {
			isa = PBXResourcesBuildPhase;
			buildActionMask = 2147483647;
			files = (
				F9189E8829D2EB0100A75153 /* Preview Assets.xcassets in Resources */,
				F9189E8529D2EB0100A75153 /* Assets.xcassets in Resources */,
			);
			runOnlyForDeploymentPostprocessing = 0;
		};
/* End PBXResourcesBuildPhase section */

/* Begin PBXSourcesBuildPhase section */
		F9189E7929D2EB0000A75153 /* Sources */ = {
			isa = PBXSourcesBuildPhase;
			buildActionMask = 2147483647;
			files = (
				F9189E8329D2EB0000A75153 /* ContentView.swift in Sources */,
				F9189E9729D2F21500A75153 /* OffsetReader.swift in Sources */,
				F9189E9929D2F71B00A75153 /* PageControl.swift in Sources */,
				F9189E9029D2EB4400A75153 /* Home.swift in Sources */,
				F9189E9429D2EBFE00A75153 /* Page.swift in Sources */,
				F9189E8129D2EB0000A75153 /* InfiniteLoopApp.swift in Sources */,
			);
			runOnlyForDeploymentPostprocessing = 0;
		};
/* End PBXSourcesBuildPhase section */

/* Begin XCBuildConfiguration section */
		F9189E8929D2EB0100A75153 /* Debug */ = {
			isa = XCBuildConfiguration;
			buildSettings = {
				ALWAYS_SEARCH_USER_PATHS = NO;
				CLANG_ANALYZER_NONNULL = YES;
				CLANG_ANALYZER_NUMBER_OBJECT_CONVERSION = YES_AGGRESSIVE;
				CLANG_CXX_LANGUAGE_STANDARD = "gnu++20";
				CLANG_ENABLE_MODULES = YES;
				CLANG_ENABLE_OBJC_ARC = YES;
				CLANG_ENABLE_OBJC_WEAK = YES;
				CLANG_WARN_BLOCK_CAPTURE_AUTORELEASING = YES;
				CLANG_WARN_BOOL_CONVERSION = YES;
				CLANG_WARN_COMMA = YES;
				CLANG_WARN_CONSTANT_CONVERSION = YES;
				CLANG_WARN_DEPRECATED_OBJC_IMPLEMENTATIONS = YES;
				CLANG_WARN_DIRECT_OBJC_ISA_USAGE = YES_ERROR;
				CLANG_WARN_DOCUMENTATION_COMMENTS = YES;
				CLANG_WARN_EMPTY_BODY = YES;
				CLANG_WARN_ENUM_CONVERSION = YES;
				CLANG_WARN_INFINITE_RECURSION = YES;
				CLANG_WARN_INT_CONVERSION = YES;
				CLANG_WARN_NON_LITERAL_NULL_CONVERSION = YES;
				CLANG_WARN_OBJC_IMPLICIT_RETAIN_SELF = YES;
				CLANG_WARN_OBJC_LITERAL_CONVERSION = YES;
				CLANG_WARN_OBJC_ROOT_CLASS = YES_ERROR;
				CLANG_WARN_QUOTED_INCLUDE_IN_FRAMEWORK_HEADER = YES;
				CLANG_WARN_RANGE_LOOP_ANALYSIS = YES;
				CLANG_WARN_STRICT_PROTOTYPES = YES;
				CLANG_WARN_SUSPICIOUS_MOVE = YES;
				CLANG_WARN_UNGUARDED_AVAILABILITY = YES_AGGRESSIVE;
				CLANG_WARN_UNREACHABLE_CODE = YES;
				CLANG_WARN__DUPLICATE_METHOD_MATCH = YES;
				COPY_PHASE_STRIP = NO;
				DEBUG_INFORMATION_FORMAT = dwarf;
				ENABLE_STRICT_OBJC_MSGSEND = YES;
				ENABLE_TESTABILITY = YES;
				GCC_C_LANGUAGE_STANDARD = gnu11;
				GCC_DYNAMIC_NO_PIC = NO;
				GCC_NO_COMMON_BLOCKS = YES;
				GCC_OPTIMIZATION_LEVEL = 0;
				GCC_PREPROCESSOR_DEFINITIONS = (
					"DEBUG=1",
					"$(inherited)",
				);
				GCC_WARN_64_TO_32_BIT_CONVERSION = YES;
				GCC_WARN_ABOUT_RETURN_TYPE = YES_ERROR;
				GCC_WARN_UNDECLARED_SELECTOR = YES;
				GCC_WARN_UNINITIALIZED_AUTOS = YES_AGGRESSIVE;
				GCC_WARN_UNUSED_FUNCTION = YES;
				GCC_WARN_UNUSED_VARIABLE = YES;
				IPHONEOS_DEPLOYMENT_TARGET = 16.4;
				MTL_ENABLE_DEBUG_INFO = INCLUDE_SOURCE;
				MTL_FAST_MATH = YES;
				ONLY_ACTIVE_ARCH = YES;
				SDKROOT = iphoneos;
				SWIFT_ACTIVE_COMPILATION_CONDITIONS = DEBUG;
				SWIFT_OPTIMIZATION_LEVEL = "-Onone";
			};
			name = Debug;
		};
		F9189E8A29D2EB0100A75153 /* Release */ = {
			isa = XCBuildConfiguration;
			buildSettings = {
				ALWAYS_SEARCH_USER_PATHS = NO;
				CLANG_ANALYZER_NONNULL = YES;
				CLANG_ANALYZER_NUMBER_OBJECT_CONVERSION = YES_AGGRESSIVE;
				CLANG_CXX_LANGUAGE_STANDARD = "gnu++20";
				CLANG_ENABLE_MODULES = YES;
				CLANG_ENABLE_OBJC_ARC = YES;
				CLANG_ENABLE_OBJC_WEAK = YES;
				CLANG_WARN_BLOCK_CAPTURE_AUTORELEASING = YES;
				CLANG_WARN_BOOL_CONVERSION = YES;
				CLANG_WARN_COMMA = YES;
				CLANG_WARN_CONSTANT_CONVERSION = YES;
				CLANG_WARN_DEPRECATED_OBJC_IMPLEMENTATIONS = YES;
				CLANG_WARN_DIRECT_OBJC_ISA_USAGE = YES_ERROR;
				CLANG_WARN_DOCUMENTATION_COMMENTS = YES;
				CLANG_WARN_EMPTY_BODY = YES;
				CLANG_WARN_ENUM_CONVERSION = YES;
				CLANG_WARN_INFINITE_RECURSION = YES;
				CLANG_WARN_INT_CONVERSION = YES;
				CLANG_WARN_NON_LITERAL_NULL_CONVERSION = YES;
				CLANG_WARN_OBJC_IMPLICIT_RETAIN_SELF = YES;
				CLANG_WARN_OBJC_LITERAL_CONVERSION = YES;
				CLANG_WARN_OBJC_ROOT_CLASS = YES_ERROR;
				CLANG_WARN_QUOTED_INCLUDE_IN_FRAMEWORK_HEADER = YES;
				CLANG_WARN_RANGE_LOOP_ANALYSIS = YES;
				CLANG_WARN_STRICT_PROTOTYPES = YES;
				CLANG_WARN_SUSPICIOUS_MOVE = YES;
				CLANG_WARN_UNGUARDED_AVAILABILITY = YES_AGGRESSIVE;
				CLANG_WARN_UNREACHABLE_CODE = YES;
				CLANG_WARN__DUPLICATE_METHOD_MATCH = YES;
				COPY_PHASE_STRIP = NO;
				DEBUG_INFORMATION_FORMAT = "dwarf-with-dsym";
				ENABLE_NS_ASSERTIONS = NO;
				ENABLE_STRICT_OBJC_MSGSEND = YES;
				GCC_C_LANGUAGE_STANDARD = gnu11;
				GCC_NO_COMMON_BLOCKS = YES;
				GCC_WARN_64_TO_32_BIT_CONVERSION = YES;
				GCC_WARN_ABOUT_RETURN_TYPE = YES_ERROR;
				GCC_WARN_UNDECLARED_SELECTOR = YES;
				GCC_WARN_UNINITIALIZED_AUTOS = YES_AGGRESSIVE;
				GCC_WARN_UNUSED_FUNCTION = YES;
				GCC_WARN_UNUSED_VARIABLE = YES;
				IPHONEOS_DEPLOYMENT_TARGET = 16.4;
				MTL_ENABLE_DEBUG_INFO = NO;
				MTL_FAST_MATH = YES;
				SDKROOT = iphoneos;
				SWIFT_COMPILATION_MODE = wholemodule;
				SWIFT_OPTIMIZATION_LEVEL = "-O";
				VALIDATE_PRODUCT = YES;
			};
			name = Release;
		};
		F9189E8C29D2EB0100A75153 /* Debug */ = {
			isa = XCBuildConfiguration;
			buildSettings = {
				ASSETCATALOG_COMPILER_APPICON_NAME = AppIcon;
				ASSETCATALOG_COMPILER_GLOBAL_ACCENT_COLOR_NAME = AccentColor;
				CODE_SIGN_STYLE = Automatic;
				CURRENT_PROJECT_VERSION = 1;
				DEVELOPMENT_ASSET_PATHS = "\"InfiniteLoop/Preview Content\"";
				DEVELOPMENT_TEAM = N9HCL8S8K9;
				ENABLE_PREVIEWS = YES;
				GENERATE_INFOPLIST_FILE = YES;
				INFOPLIST_KEY_UIApplicationSceneManifest_Generation = YES;
				INFOPLIST_KEY_UIApplicationSupportsIndirectInputEvents = YES;
				INFOPLIST_KEY_UILaunchScreen_Generation = YES;
				INFOPLIST_KEY_UISupportedInterfaceOrientations_iPad = "UIInterfaceOrientationPortrait UIInterfaceOrientationPortraitUpsideDown UIInterfaceOrientationLandscapeLeft UIInterfaceOrientationLandscapeRight";
				INFOPLIST_KEY_UISupportedInterfaceOrientations_iPhone = "UIInterfaceOrientationPortrait UIInterfaceOrientationLandscapeLeft UIInterfaceOrientationLandscapeRight";
				LD_RUNPATH_SEARCH_PATHS = (
					"$(inherited)",
					"@executable_path/Frameworks",
				);
				MARKETING_VERSION = 1.0;
				PRODUCT_BUNDLE_IDENTIFIER = com.javieretxarri.InfiniteLoop;
				PRODUCT_NAME = "$(TARGET_NAME)";
				SWIFT_EMIT_LOC_STRINGS = YES;
				SWIFT_VERSION = 5.0;
				TARGETED_DEVICE_FAMILY = "1,2";
			};
			name = Debug;
		};
		F9189E8D29D2EB0100A75153 /* Release */ = {
			isa = XCBuildConfiguration;
			buildSettings = {
				ASSETCATALOG_COMPILER_APPICON_NAME = AppIcon;
				ASSETCATALOG_COMPILER_GLOBAL_ACCENT_COLOR_NAME = AccentColor;
				CODE_SIGN_STYLE = Automatic;
				CURRENT_PROJECT_VERSION = 1;
				DEVELOPMENT_ASSET_PATHS = "\"InfiniteLoop/Preview Content\"";
				DEVELOPMENT_TEAM = N9HCL8S8K9;
				ENABLE_PREVIEWS = YES;
				GENERATE_INFOPLIST_FILE = YES;
				INFOPLIST_KEY_UIApplicationSceneManifest_Generation = YES;
				INFOPLIST_KEY_UIApplicationSupportsIndirectInputEvents = YES;
				INFOPLIST_KEY_UILaunchScreen_Generation = YES;
				INFOPLIST_KEY_UISupportedInterfaceOrientations_iPad = "UIInterfaceOrientationPortrait UIInterfaceOrientationPortraitUpsideDown UIInterfaceOrientationLandscapeLeft UIInterfaceOrientationLandscapeRight";
				INFOPLIST_KEY_UISupportedInterfaceOrientations_iPhone = "UIInterfaceOrientationPortrait UIInterfaceOrientationLandscapeLeft UIInterfaceOrientationLandscapeRight";
				LD_RUNPATH_SEARCH_PATHS = (
					"$(inherited)",
					"@executable_path/Frameworks",
				);
				MARKETING_VERSION = 1.0;
				PRODUCT_BUNDLE_IDENTIFIER = com.javieretxarri.InfiniteLoop;
				PRODUCT_NAME = "$(TARGET_NAME)";
				SWIFT_EMIT_LOC_STRINGS = YES;
				SWIFT_VERSION = 5.0;
				TARGETED_DEVICE_FAMILY = "1,2";
			};
			name = Release;
		};
/* End XCBuildConfiguration section */

/* Begin XCConfigurationList section */
		F9189E7829D2EB0000A75153 /* Build configuration list for PBXProject "InfiniteLoop" */ = {
			isa = XCConfigurationList;
			buildConfigurations = (
				F9189E8929D2EB0100A75153 /* Debug */,
				F9189E8A29D2EB0100A75153 /* Release */,
			);
			defaultConfigurationIsVisible = 0;
			defaultConfigurationName = Release;
		};
		F9189E8B29D2EB0100A75153 /* Build configuration list for PBXNativeTarget "InfiniteLoop" */ = {
			isa = XCConfigurationList;
			buildConfigurations = (
				F9189E8C29D2EB0100A75153 /* Debug */,
				F9189E8D29D2EB0100A75153 /* Release */,
			);
			defaultConfigurationIsVisible = 0;
			defaultConfigurationName = Release;
		};
/* End XCConfigurationList section */
	};
	rootObject = F9189E7529D2EB0000A75153 /* Project object */;
}
